
Microsoft Visual Studio Solution File, Format Version 11.00
# Visual Studio 2010
Project("{FAE04EC0-301F-11D3-BF4B-00C04F79EFBC}") = "Yoyyin.PresentationModel", "Yoyyin.PresentationModel\Yoyyin.PresentationModel.csproj", "{CF5F540A-46AB-45B2-8CA1-46C3CDD11C17}"
EndProject
Project("{FAE04EC0-301F-11D3-BF4B-00C04F79EFBC}") = "Yoyyin.Tests", "Yoyyin.Tests\Yoyyin.Tests.csproj", "{328BD772-959C-42EB-8C16-CBC1FF074968}"
EndProject
Project("{FAE04EC0-301F-11D3-BF4B-00C04F79EFBC}") = "Yoyyin.Domain", "Yoyyin.Domain\Yoyyin.Domain.csproj", "{E5C9F77D-AC81-4A90-937B-4F8BE8CA75DB}"
EndProject
Project("{FAE04EC0-301F-11D3-BF4B-00C04F79EFBC}") = "Yoyyin.Data", "Yoyyin.Data\Yoyyin.Data.csproj", "{CA00E16D-2B05-4B84-837B-32DFC2A3FF94}"
EndProject
Project("{2150E333-8FDC-42A3-9474-1A3956D46DE8}") = ".nuget", ".nuget", "{00381E8F-1615-4EC4-A8F8-495F852AF8C1}"
	ProjectSection(SolutionItems) = preProject
		.nuget\NuGet.exe = .nuget\NuGet.exe
		.nuget\NuGet.targets = .nuget\NuGet.targets
	EndProjectSection
EndProject
Project("{FAE04EC0-301F-11D3-BF4B-00C04F79EFBC}") = "Yoyyin.Model", "Yoyyin.Prevalence\Yoyyin.Model.csproj", "{51B0D69C-28EA-45C8-B4BB-FDD199A723D7}"
EndProject
Project("{FAE04EC0-301F-11D3-BF4B-00C04F79EFBC}") = "Yoyyin.Model.Tests", "Yoyyin.Prevalence.Tests\Yoyyin.Model.Tests.csproj", "{424E6770-20EE-412F-B9B7-8C1FEB17088C}"
EndProject
Project("{FAE04EC0-301F-11D3-BF4B-00C04F79EFBC}") = "Yoyyin.Mvc", "Yoyyin.Mvc\Yoyyin.Mvc.csproj", "{394D8D40-6A2C-4D64-BC37-AF1472D22FAE}"
EndProject
Project("{FAE04EC0-301F-11D3-BF4B-00C04F79EFBC}") = "Yoyyin.Importing", "Yoyyin.Importing\Yoyyin.Importing.csproj", "{C3193C65-D8A6-4BD8-AB11-BF7D1E6C2887}"
EndProject
Global
	GlobalSection(SolutionConfigurationPlatforms) = preSolution
		Debug|Any CPU = Debug|Any CPU
		Release|Any CPU = Release|Any CPU
	EndGlobalSection
	GlobalSection(ProjectConfigurationPlatforms) = postSolution
		{CF5F540A-46AB-45B2-8CA1-46C3CDD11C17}.Debug|Any CPU.ActiveCfg = Debug|Any CPU
		{CF5F540A-46AB-45B2-8CA1-46C3CDD11C17}.Debug|Any CPU.Build.0 = Debug|Any CPU
		{CF5F540A-46AB-45B2-8CA1-46C3CDD11C17}.Release|Any CPU.ActiveCfg = Release|Any CPU
		{CF5F540A-46AB-45B2-8CA1-46C3CDD11C17}.Release|Any CPU.Build.0 = Release|Any CPU
		{328BD772-959C-42EB-8C16-CBC1FF074968}.Debug|Any CPU.ActiveCfg = Debug|Any CPU
		{328BD772-959C-42EB-8C16-CBC1FF074968}.Debug|Any CPU.Build.0 = Debug|Any CPU
		{328BD772-959C-42EB-8C16-CBC1FF074968}.Release|Any CPU.ActiveCfg = Release|Any CPU
		{328BD772-959C-42EB-8C16-CBC1FF074968}.Release|Any CPU.Build.0 = Release|Any CPU
		{E5C9F77D-AC81-4A90-937B-4F8BE8CA75DB}.Debug|Any CPU.ActiveCfg = Debug|Any CPU
		{E5C9F77D-AC81-4A90-937B-4F8BE8CA75DB}.Debug|Any CPU.Build.0 = Debug|Any CPU
		{E5C9F77D-AC81-4A90-937B-4F8BE8CA75DB}.Release|Any CPU.ActiveCfg = Release|Any CPU
		{E5C9F77D-AC81-4A90-937B-4F8BE8CA75DB}.Release|Any CPU.Build.0 = Release|Any CPU
		{CA00E16D-2B05-4B84-837B-32DFC2A3FF94}.Debug|Any CPU.ActiveCfg = Debug|Any CPU
		{CA00E16D-2B05-4B84-837B-32DFC2A3FF94}.Debug|Any CPU.Build.0 = Debug|Any CPU
		{CA00E16D-2B05-4B84-837B-32DFC2A3FF94}.Release|Any CPU.ActiveCfg = Release|Any CPU
		{CA00E16D-2B05-4B84-837B-32DFC2A3FF94}.Release|Any CPU.Build.0 = Release|Any CPU
		{51B0D69C-28EA-45C8-B4BB-FDD199A723D7}.Debug|Any CPU.ActiveCfg = Debug|Any CPU
		{51B0D69C-28EA-45C8-B4BB-FDD199A723D7}.Debug|Any CPU.Build.0 = Debug|Any CPU
		{51B0D69C-28EA-45C8-B4BB-FDD199A723D7}.Release|Any CPU.ActiveCfg = Release|Any CPU
		{51B0D69C-28EA-45C8-B4BB-FDD199A723D7}.Release|Any CPU.Build.0 = Release|Any CPU
		{424E6770-20EE-412F-B9B7-8C1FEB17088C}.Debug|Any CPU.ActiveCfg = Debug|Any CPU
		{424E6770-20EE-412F-B9B7-8C1FEB17088C}.Debug|Any CPU.Build.0 = Debug|Any CPU
		{424E6770-20EE-412F-B9B7-8C1FEB17088C}.Release|Any CPU.ActiveCfg = Release|Any CPU
		{424E6770-20EE-412F-B9B7-8C1FEB17088C}.Release|Any CPU.Build.0 = Release|Any CPU
		{394D8D40-6A2C-4D64-BC37-AF1472D22FAE}.Debug|Any CPU.ActiveCfg = Debug|Any CPU
		{394D8D40-6A2C-4D64-BC37-AF1472D22FAE}.Debug|Any CPU.Build.0 = Debug|Any CPU
		{394D8D40-6A2C-4D64-BC37-AF1472D22FAE}.Release|Any CPU.ActiveCfg = Release|Any CPU
		{394D8D40-6A2C-4D64-BC37-AF1472D22FAE}.Release|Any CPU.Build.0 = Release|Any CPU
		{C3193C65-D8A6-4BD8-AB11-BF7D1E6C2887}.Debug|Any CPU.ActiveCfg = Debug|Any CPU
		{C3193C65-D8A6-4BD8-AB11-BF7D1E6C2887}.Debug|Any CPU.Build.0 = Debug|Any CPU
		{C3193C65-D8A6-4BD8-AB11-BF7D1E6C2887}.Release|Any CPU.ActiveCfg = Release|Any CPU
		{C3193C65-D8A6-4BD8-AB11-BF7D1E6C2887}.Release|Any CPU.Build.0 = Release|Any CPU
	EndGlobalSection
	GlobalSection(SolutionProperties) = preSolution
		HideSolutionNode = FALSE
	EndGlobalSection
	GlobalSection(ExtensibilityGlobals) = postSolution
		VisualSVNWorkingCopyRoot = .
	EndGlobalSection
EndGlobal
